
Microsoft Visual Studio Solution File, Format Version 12.00
Project("{FAE04EC0-301F-11D3-BF4B-00C04F79EFBC}") = "TestTaskFigureArea", "TestTaskFigureArea\TestTaskFigureArea.csproj", "{8689D7EA-8513-47BC-AFD9-1CF5C313E726}"
EndProject
Project("{FAE04EC0-301F-11D3-BF4B-00C04F79EFBC}") = "TestTaskFigureAreaTest", "TestTaskFigureAreaTest\TestTaskFigureAreaTest.csproj", "{38A6554E-35AF-429C-8510-5A587A0DAA41}"
EndProject
Global
	GlobalSection(SolutionConfigurationPlatforms) = preSolution
		Debug|Any CPU = Debug|Any CPU
		Release|Any CPU = Release|Any CPU
	EndGlobalSection
	GlobalSection(ProjectConfigurationPlatforms) = postSolution
		{8689D7EA-8513-47BC-AFD9-1CF5C313E726}.Debug|Any CPU.ActiveCfg = Debug|Any CPU
		{8689D7EA-8513-47BC-AFD9-1CF5C313E726}.Debug|Any CPU.Build.0 = Debug|Any CPU
		{8689D7EA-8513-47BC-AFD9-1CF5C313E726}.Release|Any CPU.ActiveCfg = Release|Any CPU
		{8689D7EA-8513-47BC-AFD9-1CF5C313E726}.Release|Any CPU.Build.0 = Release|Any CPU
		{38A6554E-35AF-429C-8510-5A587A0DAA41}.Debug|Any CPU.ActiveCfg = Debug|Any CPU
		{38A6554E-35AF-429C-8510-5A587A0DAA41}.Debug|Any CPU.Build.0 = Debug|Any CPU
		{38A6554E-35AF-429C-8510-5A587A0DAA41}.Release|Any CPU.ActiveCfg = Release|Any CPU
		{38A6554E-35AF-429C-8510-5A587A0DAA41}.Release|Any CPU.Build.0 = Release|Any CPU
	EndGlobalSection
EndGlobal
